
Microsoft Visual Studio Solution File, Format Version 12.00
# Visual Studio Version 16
VisualStudioVersion = 16.0.31702.278
MinimumVisualStudioVersion = 10.0.40219.1
Project("{FAE04EC0-301F-11D3-BF4B-00C04F79EFBC}") = "UC1StringEqual", "UC1StringEqual\UC1StringEqual.csproj", "{D1932DFB-7831-451D-B0B4-974C7FEEB060}"
EndProject
Global
	GlobalSection(SolutionConfigurationPlatforms) = preSolution
		Debug|Any CPU = Debug|Any CPU
		Release|Any CPU = Release|Any CPU
	EndGlobalSection
	GlobalSection(ProjectConfigurationPlatforms) = postSolution
		{D1932DFB-7831-451D-B0B4-974C7FEEB060}.Debug|Any CPU.ActiveCfg = Debug|Any CPU
		{D1932DFB-7831-451D-B0B4-974C7FEEB060}.Debug|Any CPU.Build.0 = Debug|Any CPU
		{D1932DFB-7831-451D-B0B4-974C7FEEB060}.Release|Any CPU.ActiveCfg = Release|Any CPU
		{D1932DFB-7831-451D-B0B4-974C7FEEB060}.Release|Any CPU.Build.0 = Release|Any CPU
	EndGlobalSection
	GlobalSection(SolutionProperties) = preSolution
		HideSolutionNode = FALSE
	EndGlobalSection
	GlobalSection(ExtensibilityGlobals) = postSolution
		SolutionGuid = {2C00B2B6-24C4-4C34-8588-9B590FE8C94C}
	EndGlobalSection
EndGlobal
